{
  "name": "lits-template",
  "version": "1.0.22",
  "lockfileVersion": 1,
  "requires": true,
  "dependencies": {
    "@fortawesome/fontawesome-free": {
      "version": "5.15.4",
      "resolved": "https://registry.npmjs.org/@fortawesome/fontawesome-free/-/fontawesome-free-5.15.4.tgz",
      "integrity": "sha512-eYm8vijH/hpzr/6/1CJ/V/Eb1xQFW2nnUKArb3z+yUWv7HTwj6M7SP957oMjfZjAHU6qpoNc2wQvIxBLWYa/Jg=="
    },
    "@types/css-font-loading-module": {
      "version": "0.0.6",
      "resolved": "https://registry.npmjs.org/@types/css-font-loading-module/-/css-font-loading-module-0.0.6.tgz",
      "integrity": "sha512-MBvSMSxXFtIukyXRU3HhzL369rIWaqMVQD5kmDCYIFFD6Fe3lJ4c9UnLD02MLdTp7Z6ti7rO3SQtuDo7C80mmw==",
      "dev": true
    },
    "@types/node": {
      "version": "16.4.13",
      "resolved": "https://registry.npmjs.org/@types/node/-/node-16.4.13.tgz",
      "integrity": "sha512-bLL69sKtd25w7p1nvg9pigE4gtKVpGTPojBFLMkGHXuUgap2sLqQt2qUnqmVCDfzGUL0DRNZP+1prIZJbMeAXg==",
      "dev": true
    }
  }
}
